
Microsoft Visual Studio Solution File, Format Version 12.00
# Visual Studio Version 16
VisualStudioVersion = 16.0.32802.440
MinimumVisualStudioVersion = 10.0.40219.1
Project("{FAE04EC0-301F-11D3-BF4B-00C04F79EFBC}") = "ConsoleApp-EF-CF-12E", "ConsoleApp-EF-CF-12E\ConsoleApp-EF-CF-12E.csproj", "{097D4D03-AC82-46CF-B8D2-C82EDD94AA51}"
EndProject
Global
	GlobalSection(SolutionConfigurationPlatforms) = preSolution
		Debug|Any CPU = Debug|Any CPU
		Release|Any CPU = Release|Any CPU
	EndGlobalSection
	GlobalSection(ProjectConfigurationPlatforms) = postSolution
		{097D4D03-AC82-46CF-B8D2-C82EDD94AA51}.Debug|Any CPU.ActiveCfg = Debug|Any CPU
		{097D4D03-AC82-46CF-B8D2-C82EDD94AA51}.Debug|Any CPU.Build.0 = Debug|Any CPU
		{097D4D03-AC82-46CF-B8D2-C82EDD94AA51}.Release|Any CPU.ActiveCfg = Release|Any CPU
		{097D4D03-AC82-46CF-B8D2-C82EDD94AA51}.Release|Any CPU.Build.0 = Release|Any CPU
	EndGlobalSection
	GlobalSection(SolutionProperties) = preSolution
		HideSolutionNode = FALSE
	EndGlobalSection
	GlobalSection(ExtensibilityGlobals) = postSolution
		SolutionGuid = {0D43BA6B-C1E5-4A36-BA4A-50C3DAA8CF5C}
	EndGlobalSection
EndGlobal
